
Microsoft Visual Studio Solution File, Format Version 12.00
# Visual Studio Version 17
VisualStudioVersion = 17.1.32319.34
MinimumVisualStudioVersion = 10.0.40219.1
Project("{FAE04EC0-301F-11D3-BF4B-00C04F79EFBC}") = "ProjectGenerator", "ProjectGenerator\ProjectGenerator.csproj", "{E3F0CCF2-A9A3-4D27-9BCB-913FE508C020}"
EndProject
Global
	GlobalSection(SolutionConfigurationPlatforms) = preSolution
		Debug|Any CPU = Debug|Any CPU
		Release|Any CPU = Release|Any CPU
	EndGlobalSection
	GlobalSection(ProjectConfigurationPlatforms) = postSolution
		{E3F0CCF2-A9A3-4D27-9BCB-913FE508C020}.Debug|Any CPU.ActiveCfg = Debug|Any CPU
		{E3F0CCF2-A9A3-4D27-9BCB-913FE508C020}.Debug|Any CPU.Build.0 = Debug|Any CPU
		{E3F0CCF2-A9A3-4D27-9BCB-913FE508C020}.Release|Any CPU.ActiveCfg = Release|Any CPU
		{E3F0CCF2-A9A3-4D27-9BCB-913FE508C020}.Release|Any CPU.Build.0 = Release|Any CPU
	EndGlobalSection
	GlobalSection(SolutionProperties) = preSolution
		HideSolutionNode = FALSE
	EndGlobalSection
	GlobalSection(ExtensibilityGlobals) = postSolution
		SolutionGuid = {2DBD221E-19EB-461C-A6C6-19519819F34E}
	EndGlobalSection
EndGlobal
